// !$*UTF8*$!
{
	archiveVersion = 1;
	classes = {
	};
	objectVersion = 46;
	objects = {

/* Begin PBXBuildFile section */
		E5A2D587169B2F8000FB2B9B /* UIKit.framework in Frameworks */ = {isa = PBXBuildFile; fileRef = E5A2D586169B2F8000FB2B9B /* UIKit.framework */; };
		E5A2D589169B2F8000FB2B9B /* Foundation.framework in Frameworks */ = {isa = PBXBuildFile; fileRef = E5A2D588169B2F8000FB2B9B /* Foundation.framework */; };
		E5A2D58B169B2F8000FB2B9B /* CoreGraphics.framework in Frameworks */ = {isa = PBXBuildFile; fileRef = E5A2D58A169B2F8000FB2B9B /* CoreGraphics.framework */; };
		E5A2D591169B2F8000FB2B9B /* InfoPlist.strings in Resources */ = {isa = PBXBuildFile; fileRef = E5A2D58F169B2F8000FB2B9B /* InfoPlist.strings */; };
		E5A2D593169B2F8000FB2B9B /* main.m in Sources */ = {isa = PBXBuildFile; fileRef = E5A2D592169B2F8000FB2B9B /* main.m */; };
		E5A2D597169B2F8000FB2B9B /* AppDelegate.m in Sources */ = {isa = PBXBuildFile; fileRef = E5A2D596169B2F8000FB2B9B /* AppDelegate.m */; };
		E5A2D599169B2F8000FB2B9B /* Default.png in Resources */ = {isa = PBXBuildFile; fileRef = E5A2D598169B2F8000FB2B9B /* Default.png */; };
		E5A2D59B169B2F8000FB2B9B /* Default@2x.png in Resources */ = {isa = PBXBuildFile; fileRef = E5A2D59A169B2F8000FB2B9B /* Default@2x.png */; };
		E5A2D59D169B2F8000FB2B9B /* Default-568h@2x.png in Resources */ = {isa = PBXBuildFile; fileRef = E5A2D59C169B2F8000FB2B9B /* Default-568h@2x.png */; };
		E5A2D5A0169B2F8000FB2B9B /* MainStoryboard.storyboard in Resources */ = {isa = PBXBuildFile; fileRef = E5A2D59E169B2F8000FB2B9B /* MainStoryboard.storyboard */; };
		E5A2D5A3169B2F8000FB2B9B /* ViewController.m in Sources */ = {isa = PBXBuildFile; fileRef = E5A2D5A2169B2F8000FB2B9B /* ViewController.m */; };
/* End PBXBuildFile section */

/* Begin PBXFileReference section */
		E5A2D582169B2F8000FB2B9B /* GitHubTest.app */ = {isa = PBXFileReference; explicitFileType = wrapper.application; includeInIndex = 0; path = GitHubTest.app; sourceTree = BUILT_PRODUCTS_DIR; };
		E5A2D586169B2F8000FB2B9B /* UIKit.framework */ = {isa = PBXFileReference; lastKnownFileType = wrapper.framework; name = UIKit.framework; path = System/Library/Frameworks/UIKit.framework; sourceTree = SDKROOT; };
		E5A2D588169B2F8000FB2B9B /* Foundation.framework */ = {isa = PBXFileReference; lastKnownFileType = wrapper.framework; name = Foundation.framework; path = System/Library/Frameworks/Foundation.framework; sourceTree = SDKROOT; };
		E5A2D58A169B2F8000FB2B9B /* CoreGraphics.framework */ = {isa = PBXFileReference; lastKnownFileType = wrapper.framework; name = CoreGraphics.framework; path = System/Library/Frameworks/CoreGraphics.framework; sourceTree = SDKROOT; };
		E5A2D58E169B2F8000FB2B9B /* GitHubTest-Info.plist */ = {isa = PBXFileReference; lastKnownFileType = text.plist.xml; path = "GitHubTest-Info.plist"; sourceTree = "<group>"; };
		E5A2D590169B2F8000FB2B9B /* en */ = {isa = PBXFileReference; lastKnownFileType = text.plist.strings; name = en; path = en.lproj/InfoPlist.strings; sourceTree = "<group>"; };
		E5A2D592169B2F8000FB2B9B /* main.m */ = {isa = PBXFileReference; lastKnownFileType = sourcecode.c.objc; path = main.m; sourceTree = "<group>"; };
		E5A2D594169B2F8000FB2B9B /* GitHubTest-Prefix.pch */ = {isa = PBXFileReference; lastKnownFileType = sourcecode.c.h; path = "GitHubTest-Prefix.pch"; sourceTree = "<group>"; };
		E5A2D595169B2F8000FB2B9B /* AppDelegate.h */ = {isa = PBXFileReference; lastKnownFileType = sourcecode.c.h; path = AppDelegate.h; sourceTree = "<group>"; };
		E5A2D596169B2F8000FB2B9B /* AppDelegate.m */ = {isa = PBXFileReference; lastKnownFileType = sourcecode.c.objc; path = AppDelegate.m; sourceTree = "<group>"; };
		E5A2D598169B2F8000FB2B9B /* Default.png */ = {isa = PBXFileReference; lastKnownFileType = image.png; path = Default.png; sourceTree = "<group>"; };
		E5A2D59A169B2F8000FB2B9B /* Default@2x.png */ = {isa = PBXFileReference; lastKnownFileType = image.png; path = "Default@2x.png"; sourceTree = "<group>"; };
		E5A2D59C169B2F8000FB2B9B /* Default-568h@2x.png */ = {isa = PBXFileReference; lastKnownFileType = image.png; path = "Default-568h@2x.png"; sourceTree = "<group>"; };
		E5A2D59F169B2F8000FB2B9B /* en */ = {isa = PBXFileReference; lastKnownFileType = file.storyboard; name = en; path = en.lproj/MainStoryboard.storyboard; sourceTree = "<group>"; };
		E5A2D5A1169B2F8000FB2B9B /* ViewController.h */ = {isa = PBXFileReference; lastKnownFileType = sourcecode.c.h; path = ViewController.h; sourceTree = "<group>"; };
		E5A2D5A2169B2F8000FB2B9B /* ViewController.m */ = {isa = PBXFileReference; lastKnownFileType = sourcecode.c.objc; path = ViewController.m; sourceTree = "<group>"; };
/* End PBXFileReference section */

/* Begin PBXFrameworksBuildPhase section */
		E5A2D57F169B2F8000FB2B9B /* Frameworks */ = {
			isa = PBXFrameworksBuildPhase;
			buildActionMask = 2147483647;
			files = (
				E5A2D587169B2F8000FB2B9B /* UIKit.framework in Frameworks */,
				E5A2D589169B2F8000FB2B9B /* Foundation.framework in Frameworks */,
				E5A2D58B169B2F8000FB2B9B /* CoreGraphics.framework in Frameworks */,
			);
			runOnlyForDeploymentPostprocessing = 0;
		};
/* End PBXFrameworksBuildPhase section */

/* Begin PBXGroup section */
		E5A2D577169B2F8000FB2B9B = {
			isa = PBXGroup;
			children = (
				E5A2D58C169B2F8000FB2B9B /* GitHubTest */,
				E5A2D585169B2F8000FB2B9B /* Frameworks */,
				E5A2D583169B2F8000FB2B9B /* Products */,
			);
			sourceTree = "<group>";
		};
		E5A2D583169B2F8000FB2B9B /* Products */ = {
			isa = PBXGroup;
			children = (
				E5A2D582169B2F8000FB2B9B /* GitHubTest.app */,
			);
			name = Products;
			sourceTree = "<group>";
		};
		E5A2D585169B2F8000FB2B9B /* Frameworks */ = {
			isa = PBXGroup;
			children = (
				E5A2D586169B2F8000FB2B9B /* UIKit.framework */,
				E5A2D588169B2F8000FB2B9B /* Foundation.framework */,
				E5A2D58A169B2F8000FB2B9B /* CoreGraphics.framework */,
			);
			name = Frameworks;
			sourceTree = "<group>";
		};
		E5A2D58C169B2F8000FB2B9B /* GitHubTest */ = {
			isa = PBXGroup;
			children = (
				E5A2D595169B2F8000FB2B9B /* AppDelegate.h */,
				E5A2D596169B2F8000FB2B9B /* AppDelegate.m */,
				E5A2D59E169B2F8000FB2B9B /* MainStoryboard.storyboard */,
				E5A2D5A1169B2F8000FB2B9B /* ViewController.h */,
				E5A2D5A2169B2F8000FB2B9B /* ViewController.m */,
				E5A2D58D169B2F8000FB2B9B /* Supporting Files */,
			);
			path = GitHubTest;
			sourceTree = "<group>";
		};
		E5A2D58D169B2F8000FB2B9B /* Supporting Files */ = {
			isa = PBXGroup;
			children = (
				E5A2D58E169B2F8000FB2B9B /* GitHubTest-Info.plist */,
				E5A2D58F169B2F8000FB2B9B /* InfoPlist.strings */,
				E5A2D592169B2F8000FB2B9B /* main.m */,
				E5A2D594169B2F8000FB2B9B /* GitHubTest-Prefix.pch */,
				E5A2D598169B2F8000FB2B9B /* Default.png */,
				E5A2D59A169B2F8000FB2B9B /* Default@2x.png */,
				E5A2D59C169B2F8000FB2B9B /* Default-568h@2x.png */,
			);
			name = "Supporting Files";
			sourceTree = "<group>";
		};
/* End PBXGroup section */

/* Begin PBXNativeTarget section */
		E5A2D581169B2F8000FB2B9B /* GitHubTest */ = {
			isa = PBXNativeTarget;
			buildConfigurationList = E5A2D5A6169B2F8000FB2B9B /* Build configuration list for PBXNativeTarget "GitHubTest" */;
			buildPhases = (
				E5A2D57E169B2F8000FB2B9B /* Sources */,
				E5A2D57F169B2F8000FB2B9B /* Frameworks */,
				E5A2D580169B2F8000FB2B9B /* Resources */,
			);
			buildRules = (
			);
			dependencies = (
			);
			name = GitHubTest;
			productName = GitHubTest;
			productReference = E5A2D582169B2F8000FB2B9B /* GitHubTest.app */;
			productType = "com.apple.product-type.application";
		};
/* End PBXNativeTarget section */

/* Begin PBXProject section */
		E5A2D579169B2F8000FB2B9B /* Project object */ = {
			isa = PBXProject;
			attributes = {
				LastUpgradeCheck = 0450;
				ORGANIZATIONNAME = "Polo Garcia";
			};
			buildConfigurationList = E5A2D57C169B2F8000FB2B9B /* Build configuration list for PBXProject "GitHubTest" */;
			compatibilityVersion = "Xcode 3.2";
			developmentRegion = English;
			hasScannedForEncodings = 0;
			knownRegions = (
				en,
			);
			mainGroup = E5A2D577169B2F8000FB2B9B;
			productRefGroup = E5A2D583169B2F8000FB2B9B /* Products */;
			projectDirPath = "";
			projectRoot = "";
			targets = (
				E5A2D581169B2F8000FB2B9B /* GitHubTest */,
			);
		};
/* End PBXProject section */

/* Begin PBXResourcesBuildPhase section */
		E5A2D580169B2F8000FB2B9B /* Resources */ = {
			isa = PBXResourcesBuildPhase;
			buildActionMask = 2147483647;
			files = (
				E5A2D591169B2F8000FB2B9B /* InfoPlist.strings in Resources */,
				E5A2D599169B2F8000FB2B9B /* Default.png in Resources */,
				E5A2D59B169B2F8000FB2B9B /* Default@2x.png in Resources */,
				E5A2D59D169B2F8000FB2B9B /* Default-568h@2x.png in Resources */,
				E5A2D5A0169B2F8000FB2B9B /* MainStoryboard.storyboard in Resources */,
			);
			runOnlyForDeploymentPostprocessing = 0;
		};
/* End PBXResourcesBuildPhase section */

/* Begin PBXSourcesBuildPhase section */
		E5A2D57E169B2F8000FB2B9B /* Sources */ = {
			isa = PBXSourcesBuildPhase;
			buildActionMask = 2147483647;
			files = (
				E5A2D593169B2F8000FB2B9B /* main.m in Sources */,
				E5A2D597169B2F8000FB2B9B /* AppDelegate.m in Sources */,
				E5A2D5A3169B2F8000FB2B9B /* ViewController.m in Sources */,
			);
			runOnlyForDeploymentPostprocessing = 0;
		};
/* End PBXSourcesBuildPhase section */

/* Begin PBXVariantGroup section */
		E5A2D58F169B2F8000FB2B9B /* InfoPlist.strings */ = {
			isa = PBXVariantGroup;
			children = (
				E5A2D590169B2F8000FB2B9B /* en */,
			);
			name = InfoPlist.strings;
			sourceTree = "<group>";
		};
		E5A2D59E169B2F8000FB2B9B /* MainStoryboard.storyboard */ = {
			isa = PBXVariantGroup;
			children = (
				E5A2D59F169B2F8000FB2B9B /* en */,
			);
			name = MainStoryboard.storyboard;
			sourceTree = "<group>";
		};
/* End PBXVariantGroup section */

/* Begin XCBuildConfiguration section */
		E5A2D5A4169B2F8000FB2B9B /* Debug */ = {
			isa = XCBuildConfiguration;
			buildSettings = {
				ALWAYS_SEARCH_USER_PATHS = NO;
				CLANG_CXX_LANGUAGE_STANDARD = "gnu++0x";
				CLANG_CXX_LIBRARY = "libc++";
				CLANG_ENABLE_OBJC_ARC = YES;
				CLANG_WARN_EMPTY_BODY = YES;
				CLANG_WARN__DUPLICATE_METHOD_MATCH = YES;
				"CODE_SIGN_IDENTITY[sdk=iphoneos*]" = "iPhone Developer";
				COPY_PHASE_STRIP = NO;
				GCC_C_LANGUAGE_STANDARD = gnu99;
				GCC_DYNAMIC_NO_PIC = NO;
				GCC_OPTIMIZATION_LEVEL = 0;
				GCC_PREPROCESSOR_DEFINITIONS = (
					"DEBUG=1",
					"$(inherited)",
				);
				GCC_SYMBOLS_PRIVATE_EXTERN = NO;
				GCC_WARN_ABOUT_RETURN_TYPE = YES;
				GCC_WARN_UNINITIALIZED_AUTOS = YES;
				GCC_WARN_UNUSED_VARIABLE = YES;
				IPHONEOS_DEPLOYMENT_TARGET = 6.0;
				ONLY_ACTIVE_ARCH = YES;
				SDKROOT = iphoneos;
			};
			name = Debug;
		};
		E5A2D5A5169B2F8000FB2B9B /* Release */ = {
			isa = XCBuildConfiguration;
			buildSettings = {
				ALWAYS_SEARCH_USER_PATHS = NO;
				CLANG_CXX_LANGUAGE_STANDARD = "gnu++0x";
				CLANG_CXX_LIBRARY = "libc++";
				CLANG_ENABLE_OBJC_ARC = YES;
				CLANG_WARN_EMPTY_BODY = YES;
				CLANG_WARN__DUPLICATE_METHOD_MATCH = YES;
				"CODE_SIGN_IDENTITY[sdk=iphoneos*]" = "iPhone Developer";
				COPY_PHASE_STRIP = YES;
				GCC_C_LANGUAGE_STANDARD = gnu99;
				GCC_WARN_ABOUT_RETURN_TYPE = YES;
				GCC_WARN_UNINITIALIZED_AUTOS = YES;
				GCC_WARN_UNUSED_VARIABLE = YES;
				IPHONEOS_DEPLOYMENT_TARGET = 6.0;
				OTHER_CFLAGS = "-DNS_BLOCK_ASSERTIONS=1";
				SDKROOT = iphoneos;
				VALIDATE_PRODUCT = YES;
			};
			name = Release;
		};
		E5A2D5A7169B2F8000FB2B9B /* Debug */ = {
			isa = XCBuildConfiguration;
			buildSettings = {
				GCC_PRECOMPILE_PREFIX_HEADER = YES;
				GCC_PREFIX_HEADER = "GitHubTest/GitHubTest-Prefix.pch";
				INFOPLIST_FILE = "GitHubTest/GitHubTest-Info.plist";
				PRODUCT_NAME = "$(TARGET_NAME)";
				WRAPPER_EXTENSION = app;
			};
			name = Debug;
		};
		E5A2D5A8169B2F8000FB2B9B /* Release */ = {
			isa = XCBuildConfiguration;
			buildSettings = {
				GCC_PRECOMPILE_PREFIX_HEADER = YES;
				GCC_PREFIX_HEADER = "GitHubTest/GitHubTest-Prefix.pch";
				INFOPLIST_FILE = "GitHubTest/GitHubTest-Info.plist";
				PRODUCT_NAME = "$(TARGET_NAME)";
				WRAPPER_EXTENSION = app;
			};
			name = Release;
		};
/* End XCBuildConfiguration section */

/* Begin XCConfigurationList section */
		E5A2D57C169B2F8000FB2B9B /* Build configuration list for PBXProject "GitHubTest" */ = {
			isa = XCConfigurationList;
			buildConfigurations = (
				E5A2D5A4169B2F8000FB2B9B /* Debug */,
				E5A2D5A5169B2F8000FB2B9B /* Release */,
			);
			defaultConfigurationIsVisible = 0;
			defaultConfigurationName = Release;
		};
		E5A2D5A6169B2F8000FB2B9B /* Build configuration list for PBXNativeTarget "GitHubTest" */ = {
			isa = XCConfigurationList;
			buildConfigurations = (
				E5A2D5A7169B2F8000FB2B9B /* Debug */,
				E5A2D5A8169B2F8000FB2B9B /* Release */,
			);
			defaultConfigurationIsVisible = 0;
		};
/* End XCConfigurationList section */
	};
	rootObject = E5A2D579169B2F8000FB2B9B /* Project object */;
}
